{
  "name": "@fundamentum/datahub",
  "version": "0.1.0",
  "lockfileVersion": 3,
  "requires": true,
  "packages": {
    "": {
      "name": "@fundamentum/datahub",
      "version": "0.1.0",
      "dependencies": {
        "@ludiars/vestigium": "file:../lib/vestigium"
      },
      "bin": {
        "fundamentum-datahub": "dist/src/cli.js"
      },
      "devDependencies": {
        "@types/node": "^22.10.0",
        "typescript": "^5.6.0"
      },
      "engines": {
        "node": ">=20"
      }
    },
    "../lib/vestigium": {
      "name": "@ludiars/vestigium",
      "version": "0.1.0",
      "license": "UNLICENSED",
      "dependencies": {
        "zod": "^3.23.0"
      },
      "bin": {
        "vestigium": "dist/cli/vestigium.js"
      },
      "devDependencies": {
        "@types/node": "^20.0.0",
        "pino": "^9.0.0",
        "tsx": "^4.16.0",
        "typescript": "^5.6.0",
        "vite": "6.4.3",
        "vitest": "^3.2.6"
      },
      "peerDependencies": {
        "pino": "^9.0.0"
      },
      "peerDependenciesMeta": {
        "pino": {
          "optional": true
        }
      }
    },
    "node_modules/@ludiars/vestigium": {
      "resolved": "../lib/vestigium",
      "link": true
    },
    "node_modules/@types/node": {
      "version": "22.20.1",
      "resolved": "https://registry.npmjs.org/@types/node/-/node-22.20.1.tgz",
      "integrity": "sha512-EANqOCF9QFyra+4pfxUcX9STKJpCLjMbObVzljIJomAWSnuSIEAvyzEU53GaajbXJEgdh0iEcPL+DGvpUd4k1Q==",
      "dev": true,
      "license": "MIT",
      "dependencies": {
        "undici-types": "~6.21.0"
      }
    },
    "node_modules/typescript": {
      "version": "5.9.3",
      "resolved": "https://registry.npmjs.org/typescript/-/typescript-5.9.3.tgz",
      "integrity": "sha512-jl1vZzPDinLr9eUt3J/t7V6FgNEw9QjvBPdysz9KfQDD41fQrC2Y4vKQdiaUpFT4bXlb1RHhLpp8wtm6M5TgSw==",
      "dev": true,
      "license": "Apache-2.0",
      "bin": {
        "tsc": "bin/tsc",
        "tsserver": "bin/tsserver"
      },
      "engines": {
        "node": ">=14.17"
      }
    },
    "node_modules/undici-types": {
      "version": "6.21.0",
      "resolved": "https://registry.npmjs.org/undici-types/-/undici-types-6.21.0.tgz",
      "integrity": "sha512-iwDZqg0QAGrg9Rav5H4n0M64c3mkR59cJ6wQp+7C4nI0gsmExaedaYLNO44eT4AtBBwjbTiGPMlt2Md0T9H9JQ==",
      "dev": true,
      "license": "MIT"
    }
  }
}
